{
  "name": "@vlop/index",
  "lockfileVersion": 2,
  "requires": true,
  "packages": {
    "": {
      "name": "@vlop/index",
      "workspaces": [
        "."
      ]
    },
    "node_modules/@vlop/index": {
      "resolved": "",
      "link": true
    }
  },
  "dependencies": {
    "@vlop/index": {
      "version": "file:",
      "requires": {
        "@vlop/index": "file:"
      }
    }
  }
}
